
Microsoft Visual Studio Solution File, Format Version 12.00
# Visual Studio Version 16
VisualStudioVersion = 16.0.30204.135
MinimumVisualStudioVersion = 10.0.40219.1
Project("{9A19103F-16F7-4668-BE54-9A1E7A4F7556}") = "Midi.Web", "Midi.Web\Midi.Web.csproj", "{8259D613-E249-4478-876C-8D65DBE517D2}"
EndProject
Project("{FAE04EC0-301F-11D3-BF4B-00C04F79EFBC}") = "Midi.Core", "Midi.Core\Midi.Core.csproj", "{9A883B61-8C08-45AC-B244-FD9B06084E85}"
EndProject
Project("{FAE04EC0-301F-11D3-BF4B-00C04F79EFBC}") = "Midi.DataAccessHandlers", "Midi.DataAccessHandlers\Midi.DataAccessHandlers.csproj", "{FBE87D2E-930E-40DD-9050-FF88CC01808E}"
EndProject
Project("{FAE04EC0-301F-11D3-BF4B-00C04F79EFBC}") = "Midi.Engines", "Midi.Engines\Midi.Engines.csproj", "{7E217E38-C94C-4371-8231-C643CBCB59AE}"
EndProject
Project("{FAE04EC0-301F-11D3-BF4B-00C04F79EFBC}") = "Midi.Managers", "Midi.Managers\Midi.Managers.csproj", "{0B0FF655-91D7-4329-9121-7A8013E6F28C}"
EndProject
Global
	GlobalSection(SolutionConfigurationPlatforms) = preSolution
		Debug|Any CPU = Debug|Any CPU
		Release|Any CPU = Release|Any CPU
	EndGlobalSection
	GlobalSection(ProjectConfigurationPlatforms) = postSolution
		{8259D613-E249-4478-876C-8D65DBE517D2}.Debug|Any CPU.ActiveCfg = Debug|Any CPU
		{8259D613-E249-4478-876C-8D65DBE517D2}.Debug|Any CPU.Build.0 = Debug|Any CPU
		{8259D613-E249-4478-876C-8D65DBE517D2}.Release|Any CPU.ActiveCfg = Release|Any CPU
		{8259D613-E249-4478-876C-8D65DBE517D2}.Release|Any CPU.Build.0 = Release|Any CPU
		{9A883B61-8C08-45AC-B244-FD9B06084E85}.Debug|Any CPU.ActiveCfg = Debug|Any CPU
		{9A883B61-8C08-45AC-B244-FD9B06084E85}.Debug|Any CPU.Build.0 = Debug|Any CPU
		{9A883B61-8C08-45AC-B244-FD9B06084E85}.Release|Any CPU.ActiveCfg = Release|Any CPU
		{9A883B61-8C08-45AC-B244-FD9B06084E85}.Release|Any CPU.Build.0 = Release|Any CPU
		{FBE87D2E-930E-40DD-9050-FF88CC01808E}.Debug|Any CPU.ActiveCfg = Debug|Any CPU
		{FBE87D2E-930E-40DD-9050-FF88CC01808E}.Debug|Any CPU.Build.0 = Debug|Any CPU
		{FBE87D2E-930E-40DD-9050-FF88CC01808E}.Release|Any CPU.ActiveCfg = Release|Any CPU
		{FBE87D2E-930E-40DD-9050-FF88CC01808E}.Release|Any CPU.Build.0 = Release|Any CPU
		{7E217E38-C94C-4371-8231-C643CBCB59AE}.Debug|Any CPU.ActiveCfg = Debug|Any CPU
		{7E217E38-C94C-4371-8231-C643CBCB59AE}.Debug|Any CPU.Build.0 = Debug|Any CPU
		{7E217E38-C94C-4371-8231-C643CBCB59AE}.Release|Any CPU.ActiveCfg = Release|Any CPU
		{7E217E38-C94C-4371-8231-C643CBCB59AE}.Release|Any CPU.Build.0 = Release|Any CPU
		{0B0FF655-91D7-4329-9121-7A8013E6F28C}.Debug|Any CPU.ActiveCfg = Debug|Any CPU
		{0B0FF655-91D7-4329-9121-7A8013E6F28C}.Debug|Any CPU.Build.0 = Debug|Any CPU
		{0B0FF655-91D7-4329-9121-7A8013E6F28C}.Release|Any CPU.ActiveCfg = Release|Any CPU
		{0B0FF655-91D7-4329-9121-7A8013E6F28C}.Release|Any CPU.Build.0 = Release|Any CPU
	EndGlobalSection
	GlobalSection(SolutionProperties) = preSolution
		HideSolutionNode = FALSE
	EndGlobalSection
	GlobalSection(ExtensibilityGlobals) = postSolution
		SolutionGuid = {748145A3-4B42-4592-93EA-2526B01CE60C}
	EndGlobalSection
EndGlobal
